
Microsoft Visual Studio Solution File, Format Version 12.00
# Visual Studio 2017
Project("{FAE04EC0-301F-11D3-BF4B-00C04F79EFBC}") = "maze-ar", "maze-ar.csproj", "{32654E6F-44A0-2ABD-36BB-78904A781DE3}"
EndProject
Project("{FAE04EC0-301F-11D3-BF4B-00C04F79EFBC}") = "maze-ar.Editor", "maze-ar.Editor.csproj", "{C7875096-A8F9-325E-1FFF-EF0FC6CF155E}"
EndProject
Global
	GlobalSection(SolutionConfigurationPlatforms) = preSolution
		Debug|Any CPU = Debug|Any CPU
		Release|Any CPU = Release|Any CPU
	EndGlobalSection
	GlobalSection(ProjectConfigurationPlatforms) = postSolution
		{32654E6F-44A0-2ABD-36BB-78904A781DE3}.Debug|Any CPU.ActiveCfg = Debug|Any CPU
		{32654E6F-44A0-2ABD-36BB-78904A781DE3}.Debug|Any CPU.Build.0 = Debug|Any CPU
		{32654E6F-44A0-2ABD-36BB-78904A781DE3}.Release|Any CPU.ActiveCfg = Release|Any CPU
		{32654E6F-44A0-2ABD-36BB-78904A781DE3}.Release|Any CPU.Build.0 = Release|Any CPU
		{C7875096-A8F9-325E-1FFF-EF0FC6CF155E}.Debug|Any CPU.ActiveCfg = Debug|Any CPU
		{C7875096-A8F9-325E-1FFF-EF0FC6CF155E}.Debug|Any CPU.Build.0 = Debug|Any CPU
		{C7875096-A8F9-325E-1FFF-EF0FC6CF155E}.Release|Any CPU.ActiveCfg = Release|Any CPU
		{C7875096-A8F9-325E-1FFF-EF0FC6CF155E}.Release|Any CPU.Build.0 = Release|Any CPU
	EndGlobalSection
	GlobalSection(SolutionProperties) = preSolution
		HideSolutionNode = FALSE
	EndGlobalSection
EndGlobal
